github.com/Pallinder/go-randomdata v1.2.0 h1:DZ41wBchNRb/0GfsePLiSwb0PHZmT67XY00lCDlaYPg=
github.com/Pallinder/go-randomdata v1.2.0/go.mod h1:yHmJgulpD2Nfrm0cR9tI/+oAgRqCQQixsA8HyRZfV9Y=
github.com/cretz/bine v0.1.0 h1:1/fvhLE+fk0bPzjdO5Ci+0ComYxEMuB1JhM4X5skT3g=
github.com/cretz/bine v0.1.0/go.mod h1:6PF6fWAvYtwjRGkAuDEJeWNOv3a2hUouSP/yRYXmvHw=
github.com/davecgh/go-spew v1.1.0 h1:ZDRjVQ15GmhC3fiQ8ni8+OwkZQO4DARzQgrnXU1Liz8=
github.com/davecgh/go-spew v1.1.0/go.mod h1:J7Y8YcW2NihsgmVo/mv3lAwl/skON4iLHjSsI+c5H38=
github.com/google/uuid v1.1.1 h1:Gkbcsh/GbpXz7lPftLA3P6TYMwjCLYm83jiFQZF/3gY=
github.com/google/uuid v1.1.1/go.mod h1:TIyPZe4MgqvfeYDBFedMoGGpEw/LqOeaOT+nhxU+yHo=
github.com/gorilla/websocket v1.4.1 h1:q7AeDBpnBk8AogcD4DSag/Ukw/KV+YhzLj2bP5HvKCM=
github.com/gorilla/websocket v1.4.1/go.mod h1:YR8l580nyteQvAITg2hZ9XVh4b55+EU/adAjf1fMHhE=
github.com/gorilla/websocket v1.4.2 h1:+/TMaTYc4QFitKJxsQ7Yye35DkWvkdLcvGKqM+x0Ufc=
github.com/gorilla/websocket v1.4.2/go.mod h1:YR8l580nyteQvAITg2hZ9XVh4b55+EU/adAjf1fMHhE=
github.com/ipsn/go-libtor v1.0.189 h1:lRV6072qed0TNs3iDryInXrZpEfrgDckkG3XoTjGVgM=
github.com/ipsn/go-libtor v1.0.189/go.mod h1:6rIeHU7irp8ZH8E/JqaEOKlD6s4vSSUh4ngHelhlSMw=
github.com/ipsn/go-libtor v1.0.190 h1:NR8eOrb8GSjsq92U9kRRMhiWCVUGk0uC064zoMZrVRE=
github.com/ipsn/go-libtor v1.0.190/go.mod h1:6rIeHU7irp8ZH8E/JqaEOKlD6s4vSSUh4ngHelhlSMw=
github.com/ipsn/go-libtor v1.0.227 h1:H/R0lBtX0ZSSnm40aqHS7hGb0NVxLUcLEahfKaJu6hw=
github.com/ipsn/go-libtor v1.0.227/go.mod h1:6rIeHU7irp8ZH8E/JqaEOKlD6s4vSSUh4ngHelhlSMw=
github.com/ipsn/go-libtor v1.0.228 h1:IOdqZiqlzAn5t+b23ozXo/0C7q96RzMqkrO92GTPSPQ=
github.com/ipsn/go-libtor v1.0.228/go.mod h1:6rIeHU7irp8ZH8E/JqaEOKlD6s4vSSUh4ngHelhlSMw=
github.com/ipsn/go-libtor v1.0.229 h1:iituSMpCKf+d0b6BkGlzSVqqMSxm8xkrtYKLBfkEPRU=
github.com/ipsn/go-libtor v1.0.229/go.mod h1:6rIeHU7irp8ZH8E/JqaEOKlD6s4vSSUh4ngHelhlSMw=
github.com/ipsn/go-libtor v1.0.230 h1:09uTWF+K/KBjc6DVbRnOz41RwGwGJO+ESwou23LR+zc=
github.com/ipsn/go-libtor v1.0.230/go.mod h1:6rIeHU7irp8ZH8E/JqaEOKlD6s4vSSUh4ngHelhlSMw=
github.com/ipsn/go-libtor v1.0.231 h1:kY2PgOhC9W6xHQR+dEFcMSlHb/mC73H55E9EdH2hkj4=
github.com/ipsn/go-libtor v1.0.231/go.mod h1:6rIeHU7irp8ZH8E/JqaEOKlD6s4vSSUh4ngHelhlSMw=
github.com/ipsn/go-libtor v1.0.232 h1:t4xmu/hFPhXKw2EQoqtpv0VDayecdDdKMm0tJnJQArE=
github.com/ipsn/go-libtor v1.0.232/go.mod h1:6rIeHU7irp8ZH8E/JqaEOKlD6s4vSSUh4ngHelhlSMw=
github.com/ipsn/go-libtor v1.0.233 h1:/yz4VbxnqnALdi+p6CnKGXmxtEWpUxsyHzMc5KO60K0=
github.com/ipsn/go-libtor v1.0.233/go.mod h1:6rIeHU7irp8ZH8E/JqaEOKlD6s4vSSUh4ngHelhlSMw=
github.com/ipsn/go-libtor v1.0.234 h1:5n3MFbakPQDqfvPrsqy7Y4M7aBMRNs/IK5MkVubM5I4=
github.com/ipsn/go-libtor v1.0.234/go.mod h1:6rIeHU7irp8ZH8E/JqaEOKlD6s4vSSUh4ngHelhlSMw=
github.com/ipsn/go-libtor v1.0.235 h1:SWybiY0Jw3zF7Xjcx1GDCUvIeCz6fLwakDpjiG6de/s=
github.com/ipsn/go-libtor v1.0.235/go.mod h1:6rIeHU7irp8ZH8E/JqaEOKlD6s4vSSUh4ngHelhlSMw=
github.com/ipsn/go-libtor v1.0.236 h1:caahH44FoywIY5i9DPw4x6iGtvrp+kVtP78fCJLmxxU=
github.com/ipsn/go-libtor v1.0.236/go.mod h1:6rIeHU7irp8ZH8E/JqaEOKlD6s4vSSUh4ngHelhlSMw=
github.com/ipsn/go-libtor v1.0.237 h1:j76d1CgEvYVmruVU3Rk7b9roFI5TWmoBdwLttyaDajc=
github.com/ipsn/go-libtor v1.0.237/go.mod h1:6rIeHU7irp8ZH8E/JqaEOKlD6s4vSSUh4ngHelhlSMw=
github.com/ipsn/go-libtor v1.0.238 h1:KWFzPyUznxfZAiM689mmD+RHgLRyfYbF8DoFCF7hukk=
github.com/ipsn/go-libtor v1.0.238/go.mod h1:6rIeHU7irp8ZH8E/JqaEOKlD6s4vSSUh4ngHelhlSMw=
github.com/ipsn/go-libtor v1.0.239 h1:Jd/XhO/I39u+wQf1oh8Ul4GdRz1O4CP7HmWe3mgjXKM=
github.com/ipsn/go-libtor v1.0.239/go.mod h1:6rIeHU7irp8ZH8E/JqaEOKlD6s4vSSUh4ngHelhlSMw=
github.com/ipsn/go-libtor v1.0.240 h1:KfldtvtW/ci43F8kx1KuNAe9M6/p2PUUQ5fhg8YRceM=
github.com/ipsn/go-libtor v1.0.240/go.mod h1:6rIeHU7irp8ZH8E/JqaEOKlD6s4vSSUh4ngHelhlSMw=
github.com/ipsn/go-libtor v1.0.241 h1:bKJyU66ArrmSrom2mNMq0EYG3Q4yv9GnK9HLqe5VuXM=
github.com/ipsn/go-libtor v1.0.241/go.mod h1:6rIeHU7irp8ZH8E/JqaEOKlD6s4vSSUh4ngHelhlSMw=
github.com/ipsn/go-libtor v1.0.243 h1:Q0e4YaBXwHZWQ4VrqOHXKp7HdkfS11RuZbXanlAFtR0=
github.com/ipsn/go-libtor v1.0.243/go.mod h1:6rIeHU7irp8ZH8E/JqaEOKlD6s4vSSUh4ngHelhlSMw=
github.com/ipsn/go-libtor v1.0.245 h1:fxPVxl1vkgV/lsI8i/a4I/NYqTLH0T3pSVRvo54S788=
github.com/ipsn/go-libtor v1.0.245/go.mod h1:6rIeHU7irp8ZH8E/JqaEOKlD6s4vSSUh4ngHelhlSMw=
github.com/ipsn/go-libtor v1.0.246 h1:mT+cap0OOMgWf2GfUwoS4gtPutX0msACm5b7jkwvhi8=
github.com/ipsn/go-libtor v1.0.246/go.mod h1:6rIeHU7irp8ZH8E/JqaEOKlD6s4vSSUh4ngHelhlSMw=
github.com/ipsn/go-libtor v1.0.251 h1:bnTXtz9PxzVlCNSXzir2aubLHvSpofyENbEdgd9vZto=
github.com/ipsn/go-libtor v1.0.251/go.mod h1:6rIeHU7irp8ZH8E/JqaEOKlD6s4vSSUh4ngHelhlSMw=
github.com/ipsn/go-libtor v1.0.261 h1:t0z5mADJyyY4oSDf0BDRN+XHG0WCkN3MWmreedDtgwI=
github.com/ipsn/go-libtor v1.0.261/go.mod h1:6rIeHU7irp8ZH8E/JqaEOKlD6s4vSSUh4ngHelhlSMw=
github.com/ipsn/go-libtor v1.0.263 h1:JtJZVQ4Se9ZCldJmvD0WvrCf+iTSDhzKHUSJlTUWGuo=
github.com/ipsn/go-libtor v1.0.263/go.mod h1:6rIeHU7irp8ZH8E/JqaEOKlD6s4vSSUh4ngHelhlSMw=
github.com/ipsn/go-libtor v1.0.265 h1:tyToe+XEBOuPM7Eg2Q02UwXHiskxRTGWeCw4ZfxIclM=
github.com/ipsn/go-libtor v1.0.265/go.mod h1:6rIeHU7irp8ZH8E/JqaEOKlD6s4vSSUh4ngHelhlSMw=
github.com/ipsn/go-libtor v1.0.275 h1:06gGST2mMjciz9jzLjO5M54vwat5wh5rboO/u6ITerA=
github.com/ipsn/go-libtor v1.0.275/go.mod h1:6rIeHU7irp8ZH8E/JqaEOKlD6s4vSSUh4ngHelhlSMw=
github.com/ipsn/go-libtor v1.0.279 h1:g84B+bM1cqh9Isonp2YtnoRhcpubPdC9dWhYIFGBsig=
github.com/ipsn/go-libtor v1.0.279/go.mod h1:6rIeHU7irp8ZH8E/JqaEOKlD6s4vSSUh4ngHelhlSMw=
github.com/ipsn/go-libtor v1.0.289 h1:LpeYYcVMiAVD0WQcMY8Wi+lbt3YrUggHxLbew/NwolE=
github.com/ipsn/go-libtor v1.0.289/go.mod h1:6rIeHU7irp8ZH8E/JqaEOKlD6s4vSSUh4ngHelhlSMw=
github.com/ipsn/go-libtor v1.0.294 h1:z/X6MnjHtcg+R1tXq2SxsWj06vkssNzNQ8Jkdb5yP6U=
github.com/ipsn/go-libtor v1.0.294/go.mod h1:6rIeHU7irp8ZH8E/JqaEOKlD6s4vSSUh4ngHelhlSMw=
github.com/ipsn/go-libtor v1.0.309 h1:tGfMIwUyDOUnysOwJyciFiE1stj3sjP5IJjYnJki+xg=
github.com/ipsn/go-libtor v1.0.309/go.mod h1:6rIeHU7irp8ZH8E/JqaEOKlD6s4vSSUh4ngHelhlSMw=
github.com/pmezard/go-difflib v1.0.0 h1:4DBwDE0NGyQoBHbLQYPwSUPoCMWR5BEzIk/f1lZbAQM=
github.com/pmezard/go-difflib v1.0.0/go.mod h1:iKH77koFhYxTK1pcRnkKkqfTogsbg7gZNVY4sRDYZ/4=
github.com/stretchr/objx v0.1.0/go.mod h1:HFkY916IF+rwdDfMAkV7OtwuqBVzrE8GR6GFx+wExME=
github.com/stretchr/testify v1.3.0 h1:TivCn/peBQ7UY8ooIcPgZFpTNSz0Q2U6UrFlUfqbe0Q=
github.com/stretchr/testify v1.3.0/go.mod h1:M5WIy9Dh21IEIfnGCwXGc5bZfKNJtfHm1UVUgZn+9EI=
golang.org/x/crypto v0.0.0-20190308221718-c2843e01d9a2/go.mod h1:djNgcEr1/C05ACkg1iLfiJU5Ep61QUkGW8qpdssI0+w=
golang.org/x/crypto v0.0.0-20190404164418-38d8ce5564a5 h1:bselrhR0Or1vomJZC8ZIjWtbDmn9OYFLX5Ik9alpJpE=
golang.org/x/crypto v0.0.0-20190404164418-38d8ce5564a5/go.mod h1:WFFai1msRO1wXaEeE5yQxYXgSfI8pQAWXbQop6sCtWE=
golang.org/x/net v0.0.0-20200226121028-0de0cce0169b h1:0mm1VjtFUOIlE1SbDlwjYaDxZVDP2S5ou6y0gSgXHu8=
golang.org/x/net v0.0.0-20200226121028-0de0cce0169b/go.mod h1:z5CRVTTTmAJ677TzLLGU+0bjPO0LkuOLi4/5GtJWs/s=
golang.org/x/sys v0.0.0-20190215142949-d0b11bdaac8a/go.mod h1:STP8DvDyc/dI5b8T5hshtkjS+E42TnysNCUPdjciGhY=
golang.org/x/sys v0.0.0-20190403152447-81d4e9dc473e h1:nFYrTHrdrAOpShe27kaFHjsqYSEQ0KWqdWLu3xuZJts=
golang.org/x/sys v0.0.0-20190403152447-81d4e9dc473e/go.mod h1:h1NjWce9XRLGQEsW7wpKNCjG9DtNlClVuFLEZdDNbEs=
golang.org/x/text v0.3.0 h1:g61tztE5qeGQ89tm6NTjjM9VPIm088od1l6aSorWRWg=
golang.org/x/text v0.3.0/go.mod h1:NqM8EUOU14njkJ3fqMW+pc6Ldnwhi/IjpwHt7yyuwOQ=
